
Microsoft Visual Studio Solution File, Format Version 12.00
# Visual Studio 15
VisualStudioVersion = 15.0.27703.2000
MinimumVisualStudioVersion = 10.0.40219.1
Project("{FAE04EC0-301F-11D3-BF4B-00C04F79EFBC}") = "PriorityQueue", "PriorityQueue\PriorityQueue.csproj", "{EC8D3F43-1368-428C-A9BB-B4015BEB5507}"
EndProject
Global
	GlobalSection(SolutionConfigurationPlatforms) = preSolution
		Debug|Any CPU = Debug|Any CPU
		Release|Any CPU = Release|Any CPU
	EndGlobalSection
	GlobalSection(ProjectConfigurationPlatforms) = postSolution
		{EC8D3F43-1368-428C-A9BB-B4015BEB5507}.Debug|Any CPU.ActiveCfg = Debug|Any CPU
		{EC8D3F43-1368-428C-A9BB-B4015BEB5507}.Debug|Any CPU.Build.0 = Debug|Any CPU
		{EC8D3F43-1368-428C-A9BB-B4015BEB5507}.Release|Any CPU.ActiveCfg = Release|Any CPU
		{EC8D3F43-1368-428C-A9BB-B4015BEB5507}.Release|Any CPU.Build.0 = Release|Any CPU
	EndGlobalSection
	GlobalSection(SolutionProperties) = preSolution
		HideSolutionNode = FALSE
	EndGlobalSection
	GlobalSection(ExtensibilityGlobals) = postSolution
		SolutionGuid = {708DF211-7262-489C-9189-1FF278648FA4}
	EndGlobalSection
EndGlobal
